{
  "version": "1.0.0",
  "test_dependencies": {
    "rocks": {
      "01a3c364614bddff7370223a5a9c4580f8e62d144384148444c518ec5367a59b": {
        "name": "mediator_lua",
        "version": "1.1.2-0",
        "constraint": ">=1.1.1",
        "source": "luarocks_rockspec+https://luarocks.org/",
        "source_url": {
          "type": "url",
          "url": "https://github.com/Olivine-Labs/mediator_lua/archive/v1.1.2-0.tar.gz"
        },
        "hashes": {
          "rockspec": "sha256-dR3r7+CqAPqTwK5jcZIgVSiemUiwIx0UMMIUEY/bPzs=",
          "source": "sha256-+vWFn9IIG+Tp5PuIc6LcZffv8/2T1t0U2mX44SP8/5s="
        }
      },
      "0c1551a18e14018d6694a82036fac28c807e983f9d357c5d5ad377328324cef3": {
        "name": "dkjson",
        "version": "2.11-1",
        "constraint": ">=2.1.0",
        "source": "luarocks_rockspec+https://luarocks.org/",
        "source_url": {
          "type": "url",
          "url": "https://dkolf.de/dkjson-lua/dkjson-2.11.tar.gz"
        },
        "hashes": {
          "rockspec": "sha256-UTm5B7j105MBx/C45QoJrB0Fo4YZhjZkwvdM0BzWbzo=",
          "source": "sha256-ehaa9oG8O+c4ER845qgHd6MgOmAsECOv6u2q0vIu4pg="
        }
      },
      "13a1fe8a7f74c01133bfb4fa695a5839da6ceb51dbc10f4e971bb7f9e980b503": {
        "name": "compat53",
        "version": "0.15.1-1",
        "constraint": "==0.15.1",
        "source": "luarocks_rockspec+https://luarocks.org/",
        "source_url": {
          "type": "url",
          "url": "https://github.com/lunarmodules/lua-compat-5.3/archive/v0.15.1.zip"
        },
        "hashes": {
          "rockspec": "sha256-dLpEEGk90gNOeCn95JulkH67a1BcKUH68hibpbe7W3Q=",
          "source": "sha256-9vaI90vpEFgKhhNycloMs7waPkBCl9UarmGNBujKEk8="
        }
      },
      "287e827f4a088d41bba04af5f61a13614346c16fe8150eb7c4246e67d6fd163e": {
        "name": "lua-term",
        "version": "0.8-1",
        "constraint": ">=0.1",
        "source": "luarocks_rockspec+https://luarocks.org/",
        "source_url": {
          "type": "url",
          "url": "https://github.com/hoelzro/lua-term/archive/0.08.tar.gz"
        },
        "hashes": {
          "rockspec": "sha256-QB/befI0oJBIBdaM+a+zuQT8dTk0f+ZDLQxq1IekSJw=",
          "source": "sha256-j/lPOQ6p2YxzRpk3PKOwzlANZRsqscuNfSM2/Ft5ze0="
        }
      },
      "2bd1c8e4fea66a88aeb65c1c8a3d0efdf188d681d2d47f163b976a771545aac9": {
        "name": "penlight",
        "version": "1.15.0-1",
        "dependencies": [
          "611b19eca413e8557258c177563402d31094cde79f82d340f5648d2ac8f3b8a1"
        ],
        "constraint": ">=1.15.0",
        "source": "luarocks_rockspec+https://luarocks.org/",
        "source_url": {
          "type": "url",
          "url": "https://luarocks.org/penlight-1.15.0-1.src.rock"
        },
        "hashes": {
          "rockspec": "sha256-blt3sqlz+76U8RAtPtfvEqw4+VACI90TFHn+fTcQlVQ=",
          "source": "sha256-uhOLi7yRb0Kttbh2xI0lQRT0FuiGeQL4w0/qJ4gUCXM="
        }
      },
      "455cd98d50c6191a9685cffcda4ce783efbb957934625e134c39f43bd5df6818": {
        "name": "luassert",
        "version": "1.9.0-1",
        "dependencies": [
          "4e9592a499c9ced4f8ce366db9db7d9c0dd1424ea8d4c8c16c1550ea3a61a696"
        ],
        "constraint": ">=1.9.0",
        "source": "luarocks_rockspec+https://luarocks.org/",
        "source_url": {
          "type": "git",
          "url": "https://github.com/lunarmodules/luassert.git",
          "ref": "v1.9.0"
        },
        "hashes": {
          "rockspec": "sha256-rTPvF/GK/jMnH/q4wbwTCGBFELWh+JcvHeOCFAbIf64=",
          "source": "sha256-jjdB95Vr5iVsh5T7E84WwZMW6/5H2k2R/ny2VBs2l3I="
        }
      },
      "4e9592a499c9ced4f8ce366db9db7d9c0dd1424ea8d4c8c16c1550ea3a61a696": {
        "name": "say",
        "version": "1.4.1-3",
        "constraint": ">=1.4.0",
        "source": "luarocks_rockspec+https://luarocks.org/",
        "source_url": {
          "type": "git",
          "url": "https://github.com/lunarmodules/say.git",
          "ref": "v1.4.1"
        },
        "hashes": {
          "rockspec": "sha256-WFKt1iWeyjO9A8SG0KUX8tkS9JvMqoVM8CKBUguuK0Y=",
          "source": "sha256-IjNkK1leVtYgbEjUqguVMjbdW+0BHAOCE0pazrVuF50="
        }
      },
      "5abed54457baf9037ff989a1ec78172ee7483d87e794bc9175dbed61f08be72c": {
        "name": "lua_cliargs",
        "version": "3.0.2-1",
        "constraint": ">=3.0",
        "binaries": [
          "watch-tests.sh",
          "release",
          "lint",
          "docs",
          "coverage"
        ],
        "source": "luarocks_rockspec+https://luarocks.org/",
        "source_url": {
          "type": "git",
          "url": "https://github.com/lunarmodules/lua_cliargs.git",
          "ref": "v3.0.2"
        },
        "hashes": {
          "rockspec": "sha256-7qJVHj/KebRkOmK8pxNspNeuXIksdExjKrNhdWOy474=",
          "source": "sha256-wL3qBQ8Lu3q8DK2Kaeo1dgzIHd8evaxFYJg47CcQiSg="
        }
      },
      "611b19eca413e8557258c177563402d31094cde79f82d340f5648d2ac8f3b8a1": {
        "name": "luafilesystem",
        "version": "1.9.0-1",
        "source": "luarocks_rockspec+https://luarocks.org/",
        "source_url": {
          "type": "git",
          "url": "https://github.com/lunarmodules/luafilesystem",
          "ref": "v1_9_0"
        },
        "hashes": {
          "rockspec": "sha256-Mrv7QKI6EAY6jzMrh0VWAZIy5KAem82cDPtCIRji4ck=",
          "source": "sha256-xoNJra/yqxRG11TePcUKrAUU6cwypGnXIoLKZXNaoW0="
        }
      },
      "6ce29c2c535c40246c386c056f24689344cddb56ec397473931431e6b67694d2": {
        "name": "say",
        "version": "1.4.1-3",
        "constraint": ">=1.4",
        "source": "luarocks_rockspec+https://luarocks.org/",
        "source_url": {
          "type": "git",
          "url": "https://github.com/lunarmodules/say.git",
          "ref": "v1.4.1"
        },
        "hashes": {
          "rockspec": "sha256-WFKt1iWeyjO9A8SG0KUX8tkS9JvMqoVM8CKBUguuK0Y=",
          "source": "sha256-IjNkK1leVtYgbEjUqguVMjbdW+0BHAOCE0pazrVuF50="
        }
      },
      "82150689e986c7bc0ac9fd3826fcadf9e31092106725a0491695e2f28b0d276a": {
        "name": "middleclass",
        "version": "4.1.1-0",
        "constraint": "==4.1.1",
        "source": "luarocks_rockspec+https://luarocks.org/",
        "source_url": {
          "type": "url",
          "url": "https://github.com/kikito/middleclass/archive/v4.1.1.tar.gz"
        },
        "hashes": {
          "rockspec": "sha256-YcFqUk7BBpKVo229pEC/JtBnSsoBlZQ6O76FTBHRv4M=",
          "source": "sha256-0B5a8qYe64yVM/izsPpmW9itaTwrn7KXsg4/nhbYUIU="
        }
      },
      "8da66e782c5755fb6128b4a51c4180a0023ab1d678767224f532566d810398d2": {
        "name": "bit32",
        "version": "5.3.5.1-1",
        "constraint": "==5.3.5",
        "source": "luarocks_rockspec+https://luarocks.org/",
        "source_url": {
          "type": "url",
          "url": "https://github.com/keplerproject/lua-compat-5.3/archive/v0.10.zip"
        },
        "hashes": {
          "rockspec": "sha256-ociDELXVd2yfTB/0qTS+SXsDI3wh1ar4hCLRWCsEr4Y=",
          "source": "sha256-nUdgXDdr9o2Aspu7MIrrSclTqHCr+ime6fgz2CPrCVU="
        }
      },
      "960306df2301ac2bf88c037e5e581620d54bb8fd9ca66e2ce72bbab9f5a94d3e": {
        "name": "moses",
        "version": "2.1.0-1",
        "constraint": "==2.1.0",
        "source": "luarocks_rockspec+https://luarocks.org/",
        "source_url": {
          "type": "url",
          "url": "https://github.com/Yonaba/Moses/archive/Moses-2.1.0-1.tar.gz"
        },
        "hashes": {
          "rockspec": "sha256-lWuiX5BRMhdjl6whl41GlJ8mkdR/T85t/3/bhBE2uyQ=",
          "source": "sha256-koGDl+3kjV0EkeeTsmc5zuVoljT7s47Et8w8JoPfv1g="
        }
      },
      "b3a6212a315aec761864b40a2c28e1759340e44a3f8cbe23192b71f030bdf2a9": {
        "name": "busted",
        "version": "2.3.0-1",
        "dependencies": [
          "5abed54457baf9037ff989a1ec78172ee7483d87e794bc9175dbed61f08be72c",
          "fe607fc3a725b032acf5722632cf6993702c56ffa7c9f65e28f9d0324c17be34",
          "0c1551a18e14018d6694a82036fac28c807e983f9d357c5d5ad377328324cef3",
          "6ce29c2c535c40246c386c056f24689344cddb56ec397473931431e6b67694d2",
          "455cd98d50c6191a9685cffcda4ce783efbb957934625e134c39f43bd5df6818",
          "287e827f4a088d41bba04af5f61a13614346c16fe8150eb7c4246e67d6fd163e",
          "2bd1c8e4fea66a88aeb65c1c8a3d0efdf188d681d2d47f163b976a771545aac9",
          "01a3c364614bddff7370223a5a9c4580f8e62d144384148444c518ec5367a59b"
        ],
        "constraint": "==2.3.0",
        "binaries": [
          "busted",
          "busted"
        ],
        "source": "luarocks_rockspec+https://luarocks.org/",
        "source_url": {
          "type": "git",
          "url": "https://github.com/lunarmodules/busted.git",
          "ref": "v2.3.0"
        },
        "hashes": {
          "rockspec": "sha256-JCyIPhIqs8DLMRjnKaaLUFbeqcTc4yYMRd6BPMAMxLU=",
          "source": "sha256-ZSfnbsDiaIo/abVpwb/LV5Ktp5wFSZQNO0OdbnjqVSs="
        }
      },
      "d2c8a628bc1c1d65699330b5027c20ef51b281aef1c8d6f3177b3f23efa9a497": {
        "name": "busted-htest",
        "version": "1.0.0-2",
        "constraint": "==1.0.0",
        "source": "luarocks_rockspec+https://luarocks.org/",
        "source_url": {
          "type": "git",
          "url": "https://github.com/hishamhm/busted-htest",
          "ref": "1.0.0"
        },
        "hashes": {
          "rockspec": "sha256-tLFqua5M2bVIs9PYW7DX5QdZOMkLQUDu88S7LOC6ooE=",
          "source": "sha256-tGAQUSeDt+OV/TBAJo/JFdyeBRRZaIQEJG+SKcCaQhs="
        }
      },
      "e7dcfe8bbcd95b4c200200d107a8f36dc03aacdcab9995297e18b60b7c7fe1f8": {
        "name": "penlight",
        "version": "1.15.0-1",
        "dependencies": [
          "611b19eca413e8557258c177563402d31094cde79f82d340f5648d2ac8f3b8a1"
        ],
        "constraint": "==1.15.0",
        "source": "luarocks_rockspec+https://luarocks.org/",
        "source_url": {
          "type": "url",
          "url": "https://luarocks.org/penlight-1.15.0-1.src.rock"
        },
        "hashes": {
          "rockspec": "sha256-blt3sqlz+76U8RAtPtfvEqw4+VACI90TFHn+fTcQlVQ=",
          "source": "sha256-uhOLi7yRb0Kttbh2xI0lQRT0FuiGeQL4w0/qJ4gUCXM="
        }
      },
      "fe607fc3a725b032acf5722632cf6993702c56ffa7c9f65e28f9d0324c17be34": {
        "name": "luasystem",
        "version": "0.7.1-1",
        "constraint": ">=0.2.0",
        "source": "luarocks_rockspec+https://luarocks.org/",
        "source_url": {
          "type": "git",
          "url": "https://github.com/lunarmodules/luasystem.git",
          "ref": "v0.7.1"
        },
        "hashes": {
          "rockspec": "sha256-n3pn+G32Jo5bHKswt1MwPB9KCBKfCz3pNRBLP/9UFoI=",
          "source": "sha256-HxOtwWyAYOxTQXm0KyJVvSNTxWOJnn4pnX0FFu4HYh4="
        }
      }
    },
    "entrypoints": [
      "13a1fe8a7f74c01133bfb4fa695a5839da6ceb51dbc10f4e971bb7f9e980b503",
      "2bd1c8e4fea66a88aeb65c1c8a3d0efdf188d681d2d47f163b976a771545aac9",
      "82150689e986c7bc0ac9fd3826fcadf9e31092106725a0491695e2f28b0d276a",
      "8da66e782c5755fb6128b4a51c4180a0023ab1d678767224f532566d810398d2",
      "960306df2301ac2bf88c037e5e581620d54bb8fd9ca66e2ce72bbab9f5a94d3e",
      "b3a6212a315aec761864b40a2c28e1759340e44a3f8cbe23192b71f030bdf2a9",
      "d2c8a628bc1c1d65699330b5027c20ef51b281aef1c8d6f3177b3f23efa9a497",
      "e7dcfe8bbcd95b4c200200d107a8f36dc03aacdcab9995297e18b60b7c7fe1f8"
    ]
  }
}